
Microsoft Visual Studio Solution File, Format Version 12.00
# Visual Studio Version 17
VisualStudioVersion = 17.0.31903.59
MinimumVisualStudioVersion = 10.0.40219.1
Project("{9A19103F-16F7-4668-BE54-9A1E7A4F7556}") = "flecks.AppHost", "src\flecks.AppHost\flecks.AppHost.csproj", "{729B6A35-1ECF-4889-917D-FAE065293FB9}"
EndProject
Project("{9A19103F-16F7-4668-BE54-9A1E7A4F7556}") = "Identity.API", "src\Identity\Identity.API\Identity.API.csproj", "{F92BFEAE-1CB7-423A-832F-866A37A5AF40}"
EndProject
Project("{9A19103F-16F7-4668-BE54-9A1E7A4F7556}") = "Library.API", "src\Library\Library.API\Library.API.csproj", "{36BEB603-4ACC-4880-A0B3-3631B169C224}"
EndProject
Project("{9A19103F-16F7-4668-BE54-9A1E7A4F7556}") = "Media.API", "src\Media\Media.API\Media.API.csproj", "{5FF1ECDD-EB3D-4374-9B6A-795C87E200FE}"
EndProject
Project("{9A19103F-16F7-4668-BE54-9A1E7A4F7556}") = "Streaming.API", "src\Streaming\Streaming.API\Streaming.API.csproj", "{63462668-D0DD-4BAE-9D38-611A776CEE9B}"
EndProject
Project("{9A19103F-16F7-4668-BE54-9A1E7A4F7556}") = "User.API", "src\User\User.API\User.API.csproj", "{2585A084-3746-4F0C-A6D7-EE2427C91A7F}"
EndProject
Project("{54A90642-561A-4BB1-A94E-469ADEE60C69}") = "WepApp.Angular", "src\WepApp.Angular\WepApp.Angular.esproj", "{2F2D7F19-EF73-43B4-9225-433F32106E6A}"
EndProject
Project("{9A19103F-16F7-4668-BE54-9A1E7A4F7556}") = "User.Domain", "src\User\User.Domain\User.Domain.csproj", "{24A6727B-E4F8-4DE7-B450-D37B8DFE2D54}"
EndProject
Project("{9A19103F-16F7-4668-BE54-9A1E7A4F7556}") = "User.Infrastructure", "src\User\User.Infrastructure\User.Infrastructure.csproj", "{7D6354F1-B66F-4E9F-AA56-0DB7358CB963}"
EndProject
Project("{9A19103F-16F7-4668-BE54-9A1E7A4F7556}") = "ApiGateway", "src\ApiGateway\ApiGateway.csproj", "{FA135DE4-C609-41E1-9F42-7BBFC2416F6E}"
EndProject
Global
	GlobalSection(SolutionConfigurationPlatforms) = preSolution
		Debug|Any CPU = Debug|Any CPU
		Release|Any CPU = Release|Any CPU
	EndGlobalSection
	GlobalSection(ProjectConfigurationPlatforms) = postSolution
		{729B6A35-1ECF-4889-917D-FAE065293FB9}.Debug|Any CPU.ActiveCfg = Debug|Any CPU
		{729B6A35-1ECF-4889-917D-FAE065293FB9}.Debug|Any CPU.Build.0 = Debug|Any CPU
		{729B6A35-1ECF-4889-917D-FAE065293FB9}.Release|Any CPU.ActiveCfg = Release|Any CPU
		{729B6A35-1ECF-4889-917D-FAE065293FB9}.Release|Any CPU.Build.0 = Release|Any CPU
		{F92BFEAE-1CB7-423A-832F-866A37A5AF40}.Debug|Any CPU.ActiveCfg = Debug|Any CPU
		{F92BFEAE-1CB7-423A-832F-866A37A5AF40}.Debug|Any CPU.Build.0 = Debug|Any CPU
		{F92BFEAE-1CB7-423A-832F-866A37A5AF40}.Release|Any CPU.ActiveCfg = Release|Any CPU
		{F92BFEAE-1CB7-423A-832F-866A37A5AF40}.Release|Any CPU.Build.0 = Release|Any CPU
		{36BEB603-4ACC-4880-A0B3-3631B169C224}.Debug|Any CPU.ActiveCfg = Debug|Any CPU
		{36BEB603-4ACC-4880-A0B3-3631B169C224}.Debug|Any CPU.Build.0 = Debug|Any CPU
		{36BEB603-4ACC-4880-A0B3-3631B169C224}.Release|Any CPU.ActiveCfg = Release|Any CPU
		{36BEB603-4ACC-4880-A0B3-3631B169C224}.Release|Any CPU.Build.0 = Release|Any CPU
		{5FF1ECDD-EB3D-4374-9B6A-795C87E200FE}.Debug|Any CPU.ActiveCfg = Debug|Any CPU
		{5FF1ECDD-EB3D-4374-9B6A-795C87E200FE}.Debug|Any CPU.Build.0 = Debug|Any CPU
		{5FF1ECDD-EB3D-4374-9B6A-795C87E200FE}.Release|Any CPU.ActiveCfg = Release|Any CPU
		{5FF1ECDD-EB3D-4374-9B6A-795C87E200FE}.Release|Any CPU.Build.0 = Release|Any CPU
		{63462668-D0DD-4BAE-9D38-611A776CEE9B}.Debug|Any CPU.ActiveCfg = Debug|Any CPU
		{63462668-D0DD-4BAE-9D38-611A776CEE9B}.Debug|Any CPU.Build.0 = Debug|Any CPU
		{63462668-D0DD-4BAE-9D38-611A776CEE9B}.Release|Any CPU.ActiveCfg = Release|Any CPU
		{63462668-D0DD-4BAE-9D38-611A776CEE9B}.Release|Any CPU.Build.0 = Release|Any CPU
		{2585A084-3746-4F0C-A6D7-EE2427C91A7F}.Debug|Any CPU.ActiveCfg = Debug|Any CPU
		{2585A084-3746-4F0C-A6D7-EE2427C91A7F}.Debug|Any CPU.Build.0 = Debug|Any CPU
		{2585A084-3746-4F0C-A6D7-EE2427C91A7F}.Release|Any CPU.ActiveCfg = Release|Any CPU
		{2585A084-3746-4F0C-A6D7-EE2427C91A7F}.Release|Any CPU.Build.0 = Release|Any CPU
		{2F2D7F19-EF73-43B4-9225-433F32106E6A}.Debug|Any CPU.ActiveCfg = Debug|Any CPU
		{2F2D7F19-EF73-43B4-9225-433F32106E6A}.Debug|Any CPU.Build.0 = Debug|Any CPU
		{2F2D7F19-EF73-43B4-9225-433F32106E6A}.Debug|Any CPU.Deploy.0 = Debug|Any CPU
		{2F2D7F19-EF73-43B4-9225-433F32106E6A}.Release|Any CPU.ActiveCfg = Release|Any CPU
		{2F2D7F19-EF73-43B4-9225-433F32106E6A}.Release|Any CPU.Build.0 = Release|Any CPU
		{2F2D7F19-EF73-43B4-9225-433F32106E6A}.Release|Any CPU.Deploy.0 = Release|Any CPU
		{24A6727B-E4F8-4DE7-B450-D37B8DFE2D54}.Debug|Any CPU.ActiveCfg = Debug|Any CPU
		{24A6727B-E4F8-4DE7-B450-D37B8DFE2D54}.Debug|Any CPU.Build.0 = Debug|Any CPU
		{24A6727B-E4F8-4DE7-B450-D37B8DFE2D54}.Release|Any CPU.ActiveCfg = Release|Any CPU
		{24A6727B-E4F8-4DE7-B450-D37B8DFE2D54}.Release|Any CPU.Build.0 = Release|Any CPU
		{7D6354F1-B66F-4E9F-AA56-0DB7358CB963}.Debug|Any CPU.ActiveCfg = Debug|Any CPU
		{7D6354F1-B66F-4E9F-AA56-0DB7358CB963}.Debug|Any CPU.Build.0 = Debug|Any CPU
		{7D6354F1-B66F-4E9F-AA56-0DB7358CB963}.Release|Any CPU.ActiveCfg = Release|Any CPU
		{7D6354F1-B66F-4E9F-AA56-0DB7358CB963}.Release|Any CPU.Build.0 = Release|Any CPU
		{FA135DE4-C609-41E1-9F42-7BBFC2416F6E}.Debug|Any CPU.ActiveCfg = Debug|Any CPU
		{FA135DE4-C609-41E1-9F42-7BBFC2416F6E}.Debug|Any CPU.Build.0 = Debug|Any CPU
		{FA135DE4-C609-41E1-9F42-7BBFC2416F6E}.Release|Any CPU.ActiveCfg = Release|Any CPU
		{FA135DE4-C609-41E1-9F42-7BBFC2416F6E}.Release|Any CPU.Build.0 = Release|Any CPU
	EndGlobalSection
	GlobalSection(SolutionProperties) = preSolution
		HideSolutionNode = FALSE
	EndGlobalSection
	GlobalSection(ExtensibilityGlobals) = postSolution
		SolutionGuid = {B20E8DAF-6CF0-43C8-B7E5-53EF645CF3C9}
	EndGlobalSection
EndGlobal
